
Microsoft Visual Studio Solution File, Format Version 12.00
# Visual Studio Version 16
VisualStudioVersion = 16.0.30517.126
MinimumVisualStudioVersion = 10.0.40219.1
Project("{FAE04EC0-301F-11D3-BF4B-00C04F79EFBC}") = "Lab1", "Lab1\Lab1.csproj", "{83202AB1-D243-4BBC-920E-9BE1E36D6355}"
EndProject
Global
	GlobalSection(SolutionConfigurationPlatforms) = preSolution
		Debug|Any CPU = Debug|Any CPU
		Release|Any CPU = Release|Any CPU
	EndGlobalSection
	GlobalSection(ProjectConfigurationPlatforms) = postSolution
		{83202AB1-D243-4BBC-920E-9BE1E36D6355}.Debug|Any CPU.ActiveCfg = Debug|Any CPU
		{83202AB1-D243-4BBC-920E-9BE1E36D6355}.Debug|Any CPU.Build.0 = Debug|Any CPU
		{83202AB1-D243-4BBC-920E-9BE1E36D6355}.Release|Any CPU.ActiveCfg = Release|Any CPU
		{83202AB1-D243-4BBC-920E-9BE1E36D6355}.Release|Any CPU.Build.0 = Release|Any CPU
	EndGlobalSection
	GlobalSection(SolutionProperties) = preSolution
		HideSolutionNode = FALSE
	EndGlobalSection
	GlobalSection(ExtensibilityGlobals) = postSolution
		SolutionGuid = {282008BA-FBB0-4BF5-A1EE-655851BE60D1}
	EndGlobalSection
EndGlobal
