
Microsoft Visual Studio Solution File, Format Version 12.00
# Visual Studio Version 16
VisualStudioVersion = 16.0.30517.126
MinimumVisualStudioVersion = 10.0.40219.1
Project("{FAE04EC0-301F-11D3-BF4B-00C04F79EFBC}") = "Lab1", "Lab1\Lab1.csproj", "{83202AB1-D243-4BBC-920E-9BE1E36D6355}"
EndProject
Project("{FAE04EC0-301F-11D3-BF4B-00C04F79EFBC}") = "Lab2", "Lab2\Lab2.csproj", "{B7980389-628B-43CA-8645-F5137EB197E6}"
EndProject
Project("{FAE04EC0-301F-11D3-BF4B-00C04F79EFBC}") = "Lab3", "Lab3\Lab3.csproj", "{3737BCCD-49A6-4154-B424-45B4ECFE1362}"
EndProject
Project("{FAE04EC0-301F-11D3-BF4B-00C04F79EFBC}") = "Lab4", "Lab4\Lab4.csproj", "{796AAA44-BB69-4AB7-8070-05A682D9BB83}"
EndProject
Project("{FAE04EC0-301F-11D3-BF4B-00C04F79EFBC}") = "Lab5", "Lab5\Lab5.csproj", "{D9BCCF4E-1AA1-46F2-A6DC-78FC27AB19F8}"
EndProject
Project("{FAE04EC0-301F-11D3-BF4B-00C04F79EFBC}") = "Lab6", "Lab6\Lab6.csproj", "{F8A0C444-76D9-4A52-BF1B-38CE3BF961C3}"
EndProject
Global
	GlobalSection(SolutionConfigurationPlatforms) = preSolution
		Debug|Any CPU = Debug|Any CPU
		Release|Any CPU = Release|Any CPU
	EndGlobalSection
	GlobalSection(ProjectConfigurationPlatforms) = postSolution
		{83202AB1-D243-4BBC-920E-9BE1E36D6355}.Debug|Any CPU.ActiveCfg = Debug|Any CPU
		{83202AB1-D243-4BBC-920E-9BE1E36D6355}.Debug|Any CPU.Build.0 = Debug|Any CPU
		{83202AB1-D243-4BBC-920E-9BE1E36D6355}.Release|Any CPU.ActiveCfg = Release|Any CPU
		{83202AB1-D243-4BBC-920E-9BE1E36D6355}.Release|Any CPU.Build.0 = Release|Any CPU
		{B7980389-628B-43CA-8645-F5137EB197E6}.Debug|Any CPU.ActiveCfg = Debug|Any CPU
		{B7980389-628B-43CA-8645-F5137EB197E6}.Debug|Any CPU.Build.0 = Debug|Any CPU
		{B7980389-628B-43CA-8645-F5137EB197E6}.Release|Any CPU.ActiveCfg = Release|Any CPU
		{B7980389-628B-43CA-8645-F5137EB197E6}.Release|Any CPU.Build.0 = Release|Any CPU
		{3737BCCD-49A6-4154-B424-45B4ECFE1362}.Debug|Any CPU.ActiveCfg = Debug|Any CPU
		{3737BCCD-49A6-4154-B424-45B4ECFE1362}.Debug|Any CPU.Build.0 = Debug|Any CPU
		{3737BCCD-49A6-4154-B424-45B4ECFE1362}.Release|Any CPU.ActiveCfg = Release|Any CPU
		{3737BCCD-49A6-4154-B424-45B4ECFE1362}.Release|Any CPU.Build.0 = Release|Any CPU
		{796AAA44-BB69-4AB7-8070-05A682D9BB83}.Debug|Any CPU.ActiveCfg = Debug|Any CPU
		{796AAA44-BB69-4AB7-8070-05A682D9BB83}.Debug|Any CPU.Build.0 = Debug|Any CPU
		{796AAA44-BB69-4AB7-8070-05A682D9BB83}.Release|Any CPU.ActiveCfg = Release|Any CPU
		{796AAA44-BB69-4AB7-8070-05A682D9BB83}.Release|Any CPU.Build.0 = Release|Any CPU
		{D9BCCF4E-1AA1-46F2-A6DC-78FC27AB19F8}.Debug|Any CPU.ActiveCfg = Debug|Any CPU
		{D9BCCF4E-1AA1-46F2-A6DC-78FC27AB19F8}.Debug|Any CPU.Build.0 = Debug|Any CPU
		{D9BCCF4E-1AA1-46F2-A6DC-78FC27AB19F8}.Release|Any CPU.ActiveCfg = Release|Any CPU
		{D9BCCF4E-1AA1-46F2-A6DC-78FC27AB19F8}.Release|Any CPU.Build.0 = Release|Any CPU
		{F8A0C444-76D9-4A52-BF1B-38CE3BF961C3}.Debug|Any CPU.ActiveCfg = Debug|Any CPU
		{F8A0C444-76D9-4A52-BF1B-38CE3BF961C3}.Debug|Any CPU.Build.0 = Debug|Any CPU
		{F8A0C444-76D9-4A52-BF1B-38CE3BF961C3}.Release|Any CPU.ActiveCfg = Release|Any CPU
		{F8A0C444-76D9-4A52-BF1B-38CE3BF961C3}.Release|Any CPU.Build.0 = Release|Any CPU
	EndGlobalSection
	GlobalSection(SolutionProperties) = preSolution
		HideSolutionNode = FALSE
	EndGlobalSection
	GlobalSection(ExtensibilityGlobals) = postSolution
		SolutionGuid = {282008BA-FBB0-4BF5-A1EE-655851BE60D1}
	EndGlobalSection
EndGlobal
